<?xml version="1.0" encoding="utf-8"?>
<Project ToolsVersion="4.0" xmlns="http://schemas.microsoft.com/developer/msbuild/2003">
  <ItemGroup>
    <Filter Include="Source Files">
      <UniqueIdentifier>{4FC737F1-C7A5-4376-A066-2A32D752A2FF}</UniqueIdentifier>
      <Extensions>cpp;c;cc;cxx;def;odl;idl;hpj;bat;asm;asmx</Extensions>
    </Filter>
    <Filter Include="Header Files">
      <UniqueIdentifier>{93995380-89BD-4b04-88EB-625FBE52EBFB}</UniqueIdentifier>
      <Extensions>h;hpp;hxx;hm;inl;inc;xsd</Extensions>
    </Filter>
    <Filter Include="Cameras">
      <UniqueIdentifier>{a7a71494-7abf-4f09-8322-c219f13c2ea8}</UniqueIdentifier>
    </Filter>
    <Filter Include="Core">
      <UniqueIdentifier>{5c092c74-18a1-41c9-b19d-6dfe68008751}</UniqueIdentifier>
    </Filter>
    <Filter Include="Lights">
      <UniqueIdentifier>{a5865ab0-1430-497f-b6ad-60aa4fc7c3e6}</UniqueIdentifier>
    </Filter>
    <Filter Include="Materials">
      <UniqueIdentifier>{a159e413-1583-4332-b94e-4ad9e5915828}</UniqueIdentifier>
    </Filter>
    <Filter Include="Objects">
      <UniqueIdentifier>{8565ca5c-0cdb-48ca-91c1-4cc40d54abf1}</UniqueIdentifier>
    </Filter>
    <Filter Include="External">
      <UniqueIdentifier>{350b1037-0dc9-4de3-b452-17dbc5983d02}</UniqueIdentifier>
    </Filter>
    <Filter Include="Parsers">
      <UniqueIdentifier>{d818cf29-2512-4b02-8c59-ba6a1c506ba9}</UniqueIdentifier>
    </Filter>
    <Filter Include="Source Files\Resource Files">
      <UniqueIdentifier>{67DA6AB6-F800-4c08-8B7A-83BB121AAD01}</UniqueIdentifier>
      <Extensions>rc;ico;cur;bmp;dlg;rc2;rct;bin;rgs;gif;jpg;jpeg;jpe;resx;tiff;tif;png;wav;mfcribbon-ms</Extensions>
    </Filter>
    <Filter Include="Scenes">
      <UniqueIdentifier>{ed069672-e722-4b7a-ac03-fab850f022b7}</UniqueIdentifier>
    </Filter>
  </ItemGroup>
  <ItemGroup>
    <ClInclude Include="OpenGL.h">
      <Filter>Header Files</Filter>
    </ClInclude>
    <ClInclude Include="stdafx.h">
      <Filter>Header Files</Filter>
    </ClInclude>
    <ClInclude Include="Camera.h">
      <Filter>Cameras</Filter>
    </ClInclude>
    <ClInclude Include="OrthographicCamera.h">
      <Filter>Cameras</Filter>
    </ClInclude>
    <ClInclude Include="PerspectiveCamera.h">
      <Filter>Cameras</Filter>
    </ClInclude>
    <ClInclude Include="Defines.h">
      <Filter>Core</Filter>
    </ClInclude>
    <ClInclude Include="Image.h">
      <Filter>Core</Filter>
    </ClInclude>
    <ClInclude Include="Intersection.h">
      <Filter>Core</Filter>
    </ClInclude>
    <ClInclude Include="Matrix.h">
      <Filter>Core</Filter>
    </ClInclude>
    <ClInclude Include="Ray.h">
      <Filter>Core</Filter>
    </ClInclude>
    <ClInclude Include="Scene.h">
      <Filter>Core</Filter>
    </ClInclude>
    <ClInclude Include="Spectrum.h">
      <Filter>Core</Filter>
    </ClInclude>
    <ClInclude Include="Transform.h">
      <Filter>Core</Filter>
    </ClInclude>
    <ClInclude Include="Vector.h">
      <Filter>Core</Filter>
    </ClInclude>
    <ClInclude Include="Light.h">
      <Filter>Lights</Filter>
    </ClInclude>
    <ClInclude Include="PointLight.h">
      <Filter>Lights</Filter>
    </ClInclude>
    <ClInclude Include="TriangleLight.h">
      <Filter>Lights</Filter>
    </ClInclude>
    <ClInclude Include="Material.h">
      <Filter>Materials</Filter>
    </ClInclude>
    <ClInclude Include="BoundingBox.h">
      <Filter>Objects</Filter>
    </ClInclude>
    <ClInclude Include="Box.h">
      <Filter>Objects</Filter>
    </ClInclude>
    <ClInclude Include="Disc.h">
      <Filter>Objects</Filter>
    </ClInclude>
    <ClInclude Include="ListObject.h">
      <Filter>Objects</Filter>
    </ClInclude>
    <ClInclude Include="Mesh.h">
      <Filter>Objects</Filter>
    </ClInclude>
    <ClInclude Include="MeshTriangle.h">
      <Filter>Objects</Filter>
    </ClInclude>
    <ClInclude Include="Object3d.h">
      <Filter>Objects</Filter>
    </ClInclude>
    <ClInclude Include="Plane.h">
      <Filter>Objects</Filter>
    </ClInclude>
    <ClInclude Include="Sphere.h">
      <Filter>Objects</Filter>
    </ClInclude>
    <ClInclude Include="Triangle.h">
      <Filter>Objects</Filter>
    </ClInclude>
    <ClInclude Include="KDTreeObject.h">
      <Filter>Objects</Filter>
    </ClInclude>
    <ClInclude Include="MersenneTwister.h">
      <Filter>External</Filter>
    </ClInclude>
    <ClInclude Include="OBJParse.h">
      <Filter>Parsers</Filter>
    </ClInclude>
    <ClInclude Include="RT3parse.hpp">
      <Filter>Parsers</Filter>
    </ClInclude>
    <ClInclude Include="Parser.h">
      <Filter>Parsers</Filter>
    </ClInclude>
    <ClInclude Include="Variable.h">
      <Filter>Parsers</Filter>
    </ClInclude>
    <ClInclude Include="Texture.h">
      <Filter>Materials</Filter>
    </ClInclude>
    <ClInclude Include="ConstantTexture.h">
      <Filter>Materials</Filter>
    </ClInclude>
    <ClInclude Include="CheckerTexture.h">
      <Filter>Materials</Filter>
    </ClInclude>
    <ClInclude Include="ImageTexture.h">
      <Filter>Materials</Filter>
    </ClInclude>
    <ClInclude Include="Cylinder.h">
      <Filter>Objects</Filter>
    </ClInclude>
  </ItemGroup>
  <ItemGroup>
    <ClCompile Include="RT3.cpp">
      <Filter>Source Files</Filter>
    </ClCompile>
    <ClCompile Include="Camera.cpp">
      <Filter>Cameras</Filter>
    </ClCompile>
    <ClCompile Include="OrthographicCamera.cpp">
      <Filter>Cameras</Filter>
    </ClCompile>
    <ClCompile Include="PerspectiveCamera.cpp">
      <Filter>Cameras</Filter>
    </ClCompile>
    <ClCompile Include="Matrix.cpp">
      <Filter>Core</Filter>
    </ClCompile>
    <ClCompile Include="Scene.cpp">
      <Filter>Core</Filter>
    </ClCompile>
    <ClCompile Include="Spectrum.cpp">
      <Filter>Core</Filter>
    </ClCompile>
    <ClCompile Include="Transform.cpp">
      <Filter>Core</Filter>
    </ClCompile>
    <ClCompile Include="Light.cpp">
      <Filter>Lights</Filter>
    </ClCompile>
    <ClCompile Include="PointLight.cpp">
      <Filter>Lights</Filter>
    </ClCompile>
    <ClCompile Include="TriangleLight.cpp">
      <Filter>Lights</Filter>
    </ClCompile>
    <ClCompile Include="Material.cpp">
      <Filter>Materials</Filter>
    </ClCompile>
    <ClCompile Include="BoundingBox.cpp">
      <Filter>Objects</Filter>
    </ClCompile>
    <ClCompile Include="Box.cpp">
      <Filter>Objects</Filter>
    </ClCompile>
    <ClCompile Include="Disc.cpp">
      <Filter>Objects</Filter>
    </ClCompile>
    <ClCompile Include="ListObject.cpp">
      <Filter>Objects</Filter>
    </ClCompile>
    <ClCompile Include="Mesh.cpp">
      <Filter>Objects</Filter>
    </ClCompile>
    <ClCompile Include="MeshTriangle.cpp">
      <Filter>Objects</Filter>
    </ClCompile>
    <ClCompile Include="Object3d.cpp">
      <Filter>Objects</Filter>
    </ClCompile>
    <ClCompile Include="Plane.cpp">
      <Filter>Objects</Filter>
    </ClCompile>
    <ClCompile Include="Sphere.cpp">
      <Filter>Objects</Filter>
    </ClCompile>
    <ClCompile Include="Triangle.cpp">
      <Filter>Objects</Filter>
    </ClCompile>
    <ClCompile Include="KDTreeObject.cpp">
      <Filter>Objects</Filter>
    </ClCompile>
    <ClCompile Include="Defines.cpp">
      <Filter>Core</Filter>
    </ClCompile>
    <ClCompile Include="RT3lex.cpp">
      <Filter>Parsers</Filter>
    </ClCompile>
    <ClCompile Include="RT3parse.cpp">
      <Filter>Parsers</Filter>
    </ClCompile>
    <ClCompile Include="Parser.cpp">
      <Filter>Parsers</Filter>
    </ClCompile>
    <ClCompile Include="Cylinder.cpp">
      <Filter>Objects</Filter>
    </ClCompile>
  </ItemGroup>
  <ItemGroup>
    <CustomBuild Include="RT3lex.l">
      <Filter>Parsers</Filter>
    </CustomBuild>
    <CustomBuild Include="RT3parse.y">
      <Filter>Parsers</Filter>
    </CustomBuild>
  </ItemGroup>
  <ItemGroup>
    <None Include="RT3parse.output">
      <Filter>Parsers</Filter>
    </None>
    <None Include="scene.txt">
      <Filter>Scenes</Filter>
    </None>
    <None Include="hookah.txt">
      <Filter>Scenes</Filter>
    </None>
    <None Include="rainbow.txt">
      <Filter>Scenes</Filter>
    </None>
    <None Include="Killeroo.txt">
      <Filter>Scenes</Filter>
    </None>
    <None Include="Sibenik.txt">
      <Filter>Scenes</Filter>
    </None>
  </ItemGroup>
</Project>